
Microsoft Visual Studio Solution File, Format Version 12.00
# Visual Studio Version 17
VisualStudioVersion = 17.5.33530.505
MinimumVisualStudioVersion = 10.0.40219.1
Project("{9A19103F-16F7-4668-BE54-9A1E7A4F7556}") = "WebApp", "WebApp\WebApp.csproj", "{661E8A77-3034-4BA0-AF1B-BBCAE009A622}"
EndProject
Project("{9A19103F-16F7-4668-BE54-9A1E7A4F7556}") = "UseCases", "UseCases\UseCases.csproj", "{4C78C864-9E15-4C63-AE4F-3A1B6F893719}"
EndProject
Project("{9A19103F-16F7-4668-BE54-9A1E7A4F7556}") = "CoreBusiness", "CoreBusiness\CoreBusiness.csproj", "{1C059A6B-9352-4E3E-9C0B-AD6ECF97691F}"
EndProject
Project("{9A19103F-16F7-4668-BE54-9A1E7A4F7556}") = "Plugins.DataStore.InMemory", "Plugins.DataStore.InMemory\Plugins.DataStore.InMemory.csproj", "{C521BC02-10FC-4F12-95EF-649DD05A8C97}"
EndProject
Project("{9A19103F-16F7-4668-BE54-9A1E7A4F7556}") = "Plugins.DataStore.SQL", "Plugins.DataStore.SQL\Plugins.DataStore.SQL.csproj", "{1B0F15F5-B877-4C73-B181-421A52E34928}"
EndProject
Global
	GlobalSection(SolutionConfigurationPlatforms) = preSolution
		Debug|Any CPU = Debug|Any CPU
		Release|Any CPU = Release|Any CPU
	EndGlobalSection
	GlobalSection(ProjectConfigurationPlatforms) = postSolution
		{661E8A77-3034-4BA0-AF1B-BBCAE009A622}.Debug|Any CPU.ActiveCfg = Debug|Any CPU
		{661E8A77-3034-4BA0-AF1B-BBCAE009A622}.Debug|Any CPU.Build.0 = Debug|Any CPU
		{661E8A77-3034-4BA0-AF1B-BBCAE009A622}.Release|Any CPU.ActiveCfg = Release|Any CPU
		{661E8A77-3034-4BA0-AF1B-BBCAE009A622}.Release|Any CPU.Build.0 = Release|Any CPU
		{4C78C864-9E15-4C63-AE4F-3A1B6F893719}.Debug|Any CPU.ActiveCfg = Debug|Any CPU
		{4C78C864-9E15-4C63-AE4F-3A1B6F893719}.Debug|Any CPU.Build.0 = Debug|Any CPU
		{4C78C864-9E15-4C63-AE4F-3A1B6F893719}.Release|Any CPU.ActiveCfg = Release|Any CPU
		{4C78C864-9E15-4C63-AE4F-3A1B6F893719}.Release|Any CPU.Build.0 = Release|Any CPU
		{1C059A6B-9352-4E3E-9C0B-AD6ECF97691F}.Debug|Any CPU.ActiveCfg = Debug|Any CPU
		{1C059A6B-9352-4E3E-9C0B-AD6ECF97691F}.Debug|Any CPU.Build.0 = Debug|Any CPU
		{1C059A6B-9352-4E3E-9C0B-AD6ECF97691F}.Release|Any CPU.ActiveCfg = Release|Any CPU
		{1C059A6B-9352-4E3E-9C0B-AD6ECF97691F}.Release|Any CPU.Build.0 = Release|Any CPU
		{C521BC02-10FC-4F12-95EF-649DD05A8C97}.Debug|Any CPU.ActiveCfg = Debug|Any CPU
		{C521BC02-10FC-4F12-95EF-649DD05A8C97}.Debug|Any CPU.Build.0 = Debug|Any CPU
		{C521BC02-10FC-4F12-95EF-649DD05A8C97}.Release|Any CPU.ActiveCfg = Release|Any CPU
		{C521BC02-10FC-4F12-95EF-649DD05A8C97}.Release|Any CPU.Build.0 = Release|Any CPU
		{1B0F15F5-B877-4C73-B181-421A52E34928}.Debug|Any CPU.ActiveCfg = Debug|Any CPU
		{1B0F15F5-B877-4C73-B181-421A52E34928}.Debug|Any CPU.Build.0 = Debug|Any CPU
		{1B0F15F5-B877-4C73-B181-421A52E34928}.Release|Any CPU.ActiveCfg = Release|Any CPU
		{1B0F15F5-B877-4C73-B181-421A52E34928}.Release|Any CPU.Build.0 = Release|Any CPU
	EndGlobalSection
	GlobalSection(SolutionProperties) = preSolution
		HideSolutionNode = FALSE
	EndGlobalSection
	GlobalSection(ExtensibilityGlobals) = postSolution
		SolutionGuid = {1118815E-494D-4CD5-8EBD-231259E07D40}
	EndGlobalSection
EndGlobal
